
Microsoft Visual Studio Solution File, Format Version 12.00
# Visual Studio Version 17
VisualStudioVersion = 17.2.32630.192
MinimumVisualStudioVersion = 10.0.40219.1
Project("{9A19103F-16F7-4668-BE54-9A1E7A4F7556}") = "Api", "Api.csproj", "{23CA1D1E-5A07-4A22-85D2-5FA34F8C7483}"
EndProject
Project("{9A19103F-16F7-4668-BE54-9A1E7A4F7556}") = "Models", "..\Models\Models.csproj", "{A7BFCB66-DC8B-418D-8BD1-D87085FB88E5}"
EndProject
Global
	GlobalSection(SolutionConfigurationPlatforms) = preSolution
		Debug|Any CPU = Debug|Any CPU
		Release|Any CPU = Release|Any CPU
	EndGlobalSection
	GlobalSection(ProjectConfigurationPlatforms) = postSolution
		{23CA1D1E-5A07-4A22-85D2-5FA34F8C7483}.Debug|Any CPU.ActiveCfg = Debug|Any CPU
		{23CA1D1E-5A07-4A22-85D2-5FA34F8C7483}.Debug|Any CPU.Build.0 = Debug|Any CPU
		{23CA1D1E-5A07-4A22-85D2-5FA34F8C7483}.Release|Any CPU.ActiveCfg = Release|Any CPU
		{23CA1D1E-5A07-4A22-85D2-5FA34F8C7483}.Release|Any CPU.Build.0 = Release|Any CPU
		{A7BFCB66-DC8B-418D-8BD1-D87085FB88E5}.Debug|Any CPU.ActiveCfg = Debug|Any CPU
		{A7BFCB66-DC8B-418D-8BD1-D87085FB88E5}.Debug|Any CPU.Build.0 = Debug|Any CPU
		{A7BFCB66-DC8B-418D-8BD1-D87085FB88E5}.Release|Any CPU.ActiveCfg = Release|Any CPU
		{A7BFCB66-DC8B-418D-8BD1-D87085FB88E5}.Release|Any CPU.Build.0 = Release|Any CPU
	EndGlobalSection
	GlobalSection(SolutionProperties) = preSolution
		HideSolutionNode = FALSE
	EndGlobalSection
	GlobalSection(ExtensibilityGlobals) = postSolution
		SolutionGuid = {72860741-F04E-416F-958A-2899494294B5}
	EndGlobalSection
EndGlobal
